
Microsoft Visual Studio Solution File, Format Version 12.00
# Visual Studio 15
VisualStudioVersion = 15.0.26730.3
MinimumVisualStudioVersion = 10.0.40219.1
Project("{FAE04EC0-301F-11D3-BF4B-00C04F79EFBC}") = "ArcGisWpf", "ArcGisWpf\ArcGisWpf.csproj", "{174EF2BE-8C69-4CBD-B79A-86DA3357560C}"
EndProject
Global
	GlobalSection(SolutionConfigurationPlatforms) = preSolution
		Debug|Any CPU = Debug|Any CPU
		Release|Any CPU = Release|Any CPU
	EndGlobalSection
	GlobalSection(ProjectConfigurationPlatforms) = postSolution
		{174EF2BE-8C69-4CBD-B79A-86DA3357560C}.Debug|Any CPU.ActiveCfg = Debug|Any CPU
		{174EF2BE-8C69-4CBD-B79A-86DA3357560C}.Debug|Any CPU.Build.0 = Debug|Any CPU
		{174EF2BE-8C69-4CBD-B79A-86DA3357560C}.Release|Any CPU.ActiveCfg = Release|Any CPU
		{174EF2BE-8C69-4CBD-B79A-86DA3357560C}.Release|Any CPU.Build.0 = Release|Any CPU
	EndGlobalSection
	GlobalSection(SolutionProperties) = preSolution
		HideSolutionNode = FALSE
	EndGlobalSection
	GlobalSection(ExtensibilityGlobals) = postSolution
		SolutionGuid = {13000F1A-DA6C-4EC4-919C-B2ACB3A5F0CF}
	EndGlobalSection
EndGlobal
